
Microsoft Visual Studio Solution File, Format Version 12.00
# Visual Studio Version 16
VisualStudioVersion = 16.0.28822.285
MinimumVisualStudioVersion = 10.0.40219.1
Project("{FAE04EC0-301F-11D3-BF4B-00C04F79EFBC}") = "BearcatBands", "BearcatBands\BearcatBands.csproj", "{2656AE51-593F-4DA9-8D58-6193B5886F20}"
EndProject
Global
	GlobalSection(SolutionConfigurationPlatforms) = preSolution
		Debug|Any CPU = Debug|Any CPU
		Release|Any CPU = Release|Any CPU
	EndGlobalSection
	GlobalSection(ProjectConfigurationPlatforms) = postSolution
		{2656AE51-593F-4DA9-8D58-6193B5886F20}.Debug|Any CPU.ActiveCfg = Debug|Any CPU
		{2656AE51-593F-4DA9-8D58-6193B5886F20}.Debug|Any CPU.Build.0 = Debug|Any CPU
		{2656AE51-593F-4DA9-8D58-6193B5886F20}.Release|Any CPU.ActiveCfg = Release|Any CPU
		{2656AE51-593F-4DA9-8D58-6193B5886F20}.Release|Any CPU.Build.0 = Release|Any CPU
	EndGlobalSection
	GlobalSection(SolutionProperties) = preSolution
		HideSolutionNode = FALSE
	EndGlobalSection
	GlobalSection(ExtensibilityGlobals) = postSolution
		SolutionGuid = {6245206E-73A4-44B5-AD3A-E86D05A7A31E}
	EndGlobalSection
EndGlobal
